
Microsoft Visual Studio Solution File, Format Version 12.00
# Visual Studio Version 16
VisualStudioVersion = 16.0.31729.503
MinimumVisualStudioVersion = 10.0.40219.1
Project("{FAE04EC0-301F-11D3-BF4B-00C04F79EFBC}") = "Exerc_02", "Exerc_02\Exerc_02.csproj", "{7D24901F-7342-42F4-9220-5B923E2A5BBD}"
EndProject
Global
	GlobalSection(SolutionConfigurationPlatforms) = preSolution
		Debug|Any CPU = Debug|Any CPU
		Release|Any CPU = Release|Any CPU
	EndGlobalSection
	GlobalSection(ProjectConfigurationPlatforms) = postSolution
		{7D24901F-7342-42F4-9220-5B923E2A5BBD}.Debug|Any CPU.ActiveCfg = Debug|Any CPU
		{7D24901F-7342-42F4-9220-5B923E2A5BBD}.Debug|Any CPU.Build.0 = Debug|Any CPU
		{7D24901F-7342-42F4-9220-5B923E2A5BBD}.Release|Any CPU.ActiveCfg = Release|Any CPU
		{7D24901F-7342-42F4-9220-5B923E2A5BBD}.Release|Any CPU.Build.0 = Release|Any CPU
	EndGlobalSection
	GlobalSection(SolutionProperties) = preSolution
		HideSolutionNode = FALSE
	EndGlobalSection
	GlobalSection(ExtensibilityGlobals) = postSolution
		SolutionGuid = {AB443B6B-0D43-4FCC-A3E5-9A4149FFA0A9}
	EndGlobalSection
EndGlobal
